        "@rive-app/canvas-advanced": "^2.31.1",
        "@rive-app/webgl-advanced": "^2.31.1",
        "tslib": "^2.0.0"
      "integrity": "sha512-dOy+3AuW3a2wNbZHIuMZpTcgjGuLU/uBL/ubcZF9OXbDo8ff4O8yVp5Bf0efS8uEoYo5q4Fx7dY9OgQGXgAsQA=="
      "integrity": "sha512-nnbWWOkoWyUsTjKrhgD0dcz22mdkSnpYqbEjIm2nhwhuxlSkpywJmBo8h0ZqJdkp73mb90SssHkN4rsRaBAfAA=="
      "integrity": "sha512-H71nDOOL8Y7kWRLqf6Sums+01Q5msqBW2KhDUTemh1tvY04eSkSXrK0uj/4mmY0Xr16/3zyZmsrxN7CKuRbNRg=="
      "devOptional": true,
      "devOptional": true,
      "devOptional": true,
      "devOptional": true,
      "devOptional": true,
      "devOptional": true,
      "devOptional": true,
      "devOptional": true,
      "devOptional": true,
      "devOptional": true,
      "devOptional": true,
      "devOptional": true,
      "devOptional": true,
      "integrity": "sha512-8+9WqebbFzpX9OR+Wa6O29asIogeRMzcGtAINdpMHHyAg10f05aSFVBbcEqGf/PXw1EjAZ+q2/bEBg3DvurK3Q=="
      "integrity": "sha512-xbbCH5dCYU5T8LcEhhuh7HJ88HXuW3qsI3Y0zOZFKfZEHcpWiHU/Jxzk629Brsab/mMiHQti9wMP+845RPe3Vg=="
      "integrity": "sha512-ZnQMnLV4e7hDlUvw8H+U8ASL02SS2Gn6+9Ac3wGGLIe7+je2AeAOxPY+izIPJDfFDb7eDjev0Us8MO1iFRN8hA=="
      "integrity": "sha512-L18DaJsXSUk2+42pv8mLs5jJT2hqFkFE4j21wOmgbUqsZ2hL72NsUU785g9RXgo3s0ZNgVl42TiHp3ZtOv/Vyg=="
      "devOptional": true,
      "devOptional": true,
      "devOptional": true,
      "devOptional": true,
      "devOptional": true,
      "devOptional": true,
      "devOptional": true
      "devOptional": true,
      "devOptional": true,
      "devOptional": true,
      "devOptional": true,
      "devOptional": true,
      "version": "2.31.1",
      "resolved": "https://registry.npmjs.org/@rive-app/canvas-advanced/-/canvas-advanced-2.31.1.tgz",
      "integrity": "sha512-snRD/n3s5N/l3Pboc9+pUMuQulUF3odqeb/CU78Pwjp1OoMLc6ywEHw+VfU9b//UHCuuwGHDqSBf93Nkz8yZXw==",
      "license": "MIT"
      "version": "2.31.1",
      "resolved": "https://registry.npmjs.org/@rive-app/webgl-advanced/-/webgl-advanced-2.31.1.tgz",
      "integrity": "sha512-ZFEN9z/LMljSrLv7abC/RcEDndcGDj8B5HeAFXEmfGO3tfpt4aKRiBgKt13sSJKHCesY/Sc2iaYDHhHasti7vA==",
      "license": "MIT"
      "devOptional": true,
      "devOptional": true,
      "devOptional": true,
      "devOptional": true,
      "devOptional": true
      "devOptional": true,
      "devOptional": true
      "devOptional": true,
      "devOptional": true,
      "devOptional": true
      "devOptional": true
      "devOptional": true
      "devOptional": true
      "devOptional": true
      "devOptional": true,
      "devOptional": true,
      "devOptional": true,
      "devOptional": true,
      "devOptional": true
      "devOptional": true,
      "devOptional": true,
      "devOptional": true,
      "devOptional": true,
      "devOptional": true,
      "devOptional": true,
      "devOptional": true,
      "devOptional": true,
      "devOptional": true,
      "devOptional": true,
      "devOptional": true,
      "devOptional": true,
      "devOptional": true,
      "devOptional": true,
      "devOptional": true
      "devOptional": true,
      "devOptional": true,
      "devOptional": true,
      "devOptional": true
      "devOptional": true
      "devOptional": true,
      "devOptional": true,
      "devOptional": true,
      "devOptional": true,
      "devOptional": true,
      "devOptional": true,
      "devOptional": true
      "devOptional": true,
      "devOptional": true,
      "devOptional": true,
      "devOptional": true,
      "devOptional": true,
      "devOptional": true
      "devOptional": true,
      "devOptional": true,
      "devOptional": true,
      "devOptional": true,
      "devOptional": true,
      "devOptional": true
      "devOptional": true
      "devOptional": true,
      "devOptional": true,
      "devOptional": true,
      "devOptional": true
      "integrity": "sha512-mT8iDcrh03qDGRRmoA2hmBJnxpllMR+0/0qlzjqZES6NdiWDcZkCNAk4rPFZ9Q85r27unkiNNg8ZOiwZXBHwcA=="
      "devOptional": true,
      "devOptional": true
      "devOptional": true,
      "devOptional": true,
      "devOptional": true,
      "devOptional": true,
      "devOptional": true,
      "devOptional": true,
      "devOptional": true,
      "devOptional": true,
      "devOptional": true,
      "devOptional": true,
      "devOptional": true,
      "devOptional": true,
      "devOptional": true
      "devOptional": true,
      "devOptional": true
      "devOptional": true,
      "devOptional": true
      "devOptional": true
      "devOptional": true,
      "devOptional": true
      "devOptional": true,
      "devOptional": true
      "devOptional": true,
      "devOptional": true,
      "devOptional": true
      "devOptional": true,
      "devOptional": true,
      "devOptional": true,
      "devOptional": true,
      "devOptional": true,
      "devOptional": true,
      "devOptional": true
      "devOptional": true
      "integrity": "sha512-oIPzksmTg4/MriiaYGO+okXDT7ztn/w3Eptv/+gSIdMdKsJo0u4CfYNFJPy+4SKMuCqGw2wxnA+URMg3t8a/bQ=="
      "devOptional": true,
      "devOptional": true,
      "devOptional": true,
      "devOptional": true,
      "integrity": "sha512-I88TYZWc9XiYHRQ4/3c5rjjfgkjhLyW2luGIheGERbNQ6OY7yTybanSpDXZa8y7VUP9YmDcYa+eyq4ca7iLqWA=="
      "devOptional": true,
      "devOptional": true,
      "devOptional": true,
      "devOptional": true,
      "devOptional": true,
      "devOptional": true
      "devOptional": true,
      "devOptional": true,
      "devOptional": true,
      "devOptional": true,
      "devOptional": true,
      "devOptional": true,
      "devOptional": true,
      "devOptional": true,
      "devOptional": true,
      "devOptional": true,
      "devOptional": true,
      "devOptional": true,
      "devOptional": true,
      "devOptional": true,
      "devOptional": true,
      "integrity": "sha512-8+9WqebbFzpX9OR+Wa6O29asIogeRMzcGtAINdpMHHyAg10f05aSFVBbcEqGf/PXw1EjAZ+q2/bEBg3DvurK3Q=="
      "integrity": "sha512-dOy+3AuW3a2wNbZHIuMZpTcgjGuLU/uBL/ubcZF9OXbDo8ff4O8yVp5Bf0efS8uEoYo5q4Fx7dY9OgQGXgAsQA=="
      "integrity": "sha512-xbbCH5dCYU5T8LcEhhuh7HJ88HXuW3qsI3Y0zOZFKfZEHcpWiHU/Jxzk629Brsab/mMiHQti9wMP+845RPe3Vg=="
      "devOptional": true
      "integrity": "sha512-39F7TBIV0G7gTelxwbEqnwhp90eqCPON1k0NwNfwhgKn4Co4ybUbj2pECcXT0B3ztRKZ7Pw1JujUUgmQJHcVAQ=="
      "devOptional": true
      "devOptional": true,
      "devOptional": true,
      "devOptional": true,
      "devOptional": true
      "devOptional": true,
      "devOptional": true,
      "devOptional": true,
      "devOptional": true
      "devOptional": true,
      "integrity": "sha512-DCXu6Ifhqcks7TZKY3Hxp3y6qphY5SJZmrWMDrKcERSOXWQdMhU9Ig/PYrzyw/ul9jOIyh0N4M0tbC5hodg8dw=="
      "devOptional": true,
      "devOptional": true,
      "devOptional": true,
      "devOptional": true
      "devOptional": true,
      "devOptional": true,
      "integrity": "sha512-5nqDSxl8nn5BSNxyR3n4I6eDmbolI6WT+QqR547RwxQapgjQBmtktdP+HTBb/a/zLsbzERTONyUB5pefh5TtjQ=="
      "devOptional": true,
      "devOptional": true,
      "integrity": "sha512-dsKNQNdj6xA3T+QlADDA7mOSlX0qiMINjn0cgr+eGHGsbSHzTabcIogz2+p/iqP1Xs6EP/sS2SbqH+brGTbq0g=="
      "devOptional": true,
      "devOptional": true,
      "devOptional": true
      "devOptional": true,
      "devOptional": true,
      "devOptional": true
      "devOptional": true,
      "devOptional": true,
      "integrity": "sha512-7kIufnBqdsBGcSZLPJwqHT3yhk1QTsSlFsVD3kx5ixH/AlgBs9yM1q6DPhXZ8f8gtdqgh7N7/5btRLpQsS2gHw=="
      "devOptional": true,
      "devOptional": true,
      "devOptional": true,
      "devOptional": true,
      "devOptional": true,
      "devOptional": true,
      "devOptional": true,
      "devOptional": true,
      "devOptional": true,
      "devOptional": true,
      "devOptional": true
      "devOptional": true,
      "devOptional": true,
      "devOptional": true,
      "devOptional": true,
      "devOptional": true
      "devOptional": true
      "devOptional": true
      "devOptional": true,
      "devOptional": true,
      "devOptional": true,
      "devOptional": true,
      "devOptional": true,
      "devOptional": true,
      "devOptional": true,
      "devOptional": true,
      "devOptional": true,
      "devOptional": true
      "devOptional": true,
      "devOptional": true,
      "devOptional": true,
      "devOptional": true,
      "devOptional": true,
      "devOptional": true,
      "devOptional": true,
      "devOptional": true
      "devOptional": true,
      "devOptional": true,
      "devOptional": true,
      "devOptional": true,
      "devOptional": true,
      "devOptional": true,
      "devOptional": true,
      "devOptional": true,
      "devOptional": true
      "devOptional": true
      "devOptional": true,
      "devOptional": true,
      "devOptional": true,
      "devOptional": true,
      "devOptional": true,
      "devOptional": true,
      "devOptional": true,
      "devOptional": true,
      "devOptional": true,
      "devOptional": true,
      "devOptional": true
      "devOptional": true,
      "devOptional": true,
      "devOptional": true,
      "devOptional": true,
      "devOptional": true,
      "devOptional": true,
      "devOptional": true,
      "devOptional": true,
      "devOptional": true,
      "devOptional": true,
      "devOptional": true,
      "devOptional": true,
      "devOptional": true,
      "devOptional": true,
      "devOptional": true
      "devOptional": true,
      "devOptional": true,
      "devOptional": true,
      "devOptional": true
      "devOptional": true,
      "devOptional": true,
      "devOptional": true,
      "devOptional": true,
      "devOptional": true
      "integrity": "sha512-Bdboy+l7tA3OGW6FjyFHWkP5LuByj1Tk33Ljyq0axyzdk9//JSi2u3fP1QSmd1KNwq6VOKYGlAu87CisVir6Pw=="
      "devOptional": true
      "devOptional": true,
      "devOptional": true,
      "devOptional": true,
      "devOptional": true
      "devOptional": true,
      "devOptional": true,
      "devOptional": true,
      "devOptional": true,
      "devOptional": true,
      "devOptional": true,
      "devOptional": true,
      "devOptional": true,
      "devOptional": true,
      "devOptional": true,
      "devOptional": true,
      "devOptional": true,
      "devOptional": true,
      "devOptional": true,
      "devOptional": true,
      "devOptional": true,
      "devOptional": true,
      "devOptional": true,
      "devOptional": true
      "devOptional": true,
      "devOptional": true,
      "devOptional": true,
      "devOptional": true,
      "devOptional": true
      "integrity": "sha512-0KpjqXRVvrYyCsX1swR/XTK0va6VQkQM6MNo7PqW77ByjAhoARA8EfrP1N4+KlKj8YS0ZUCtRT/YUuhyYDujIQ=="
      "devOptional": true
      "integrity": "sha512-dOy+3AuW3a2wNbZHIuMZpTcgjGuLU/uBL/ubcZF9OXbDo8ff4O8yVp5Bf0efS8uEoYo5q4Fx7dY9OgQGXgAsQA=="
      "devOptional": true,
      "devOptional": true,
      "devOptional": true,
      "devOptional": true,
      "devOptional": true,
      "integrity": "sha512-3wdGidZyq5PB084XLES5TpOSRA3wjXAlIWMhum2kRcv/41Sn2emQ0dycQW4uZXLejwKvg6EsvbdlVL+FYEct7A=="
      "integrity": "sha512-3wdGidZyq5PB084XLES5TpOSRA3wjXAlIWMhum2kRcv/41Sn2emQ0dycQW4uZXLejwKvg6EsvbdlVL+FYEct7A=="
      "devOptional": true
      "devOptional": true,
      "devOptional": true,
      "devOptional": true,
      "devOptional": true
      "devOptional": true,
      "devOptional": true,
      "devOptional": true,
      "devOptional": true,
      "devOptional": true
      "devOptional": true,
      "devOptional": true,
      "integrity": "sha512-dOy+3AuW3a2wNbZHIuMZpTcgjGuLU/uBL/ubcZF9OXbDo8ff4O8yVp5Bf0efS8uEoYo5q4Fx7dY9OgQGXgAsQA=="
      "devOptional": true
      "integrity": "sha512-4hLB8Py4zZce5s4yd9XzopqwVv/yGNhV1Bl8NTmCq1763HeK2+EwVTv+leGeL13Dnh2wfbqowVPXCIO0z4taYw=="
      "devOptional": true
      "devOptional": true
      "devOptional": true,
      "integrity": "sha512-8+9WqebbFzpX9OR+Wa6O29asIogeRMzcGtAINdpMHHyAg10f05aSFVBbcEqGf/PXw1EjAZ+q2/bEBg3DvurK3Q=="
      "integrity": "sha512-3wdGidZyq5PB084XLES5TpOSRA3wjXAlIWMhum2kRcv/41Sn2emQ0dycQW4uZXLejwKvg6EsvbdlVL+FYEct7A=="
      "devOptional": true,
      "devOptional": true,
      "devOptional": true,
      "devOptional": true,
      "devOptional": true,
      "devOptional": true,
      "devOptional": true,
      "devOptional": true
      "devOptional": true,
      "integrity": "sha512-Ts1Y/anZELhSsjMcU605fU9RE4Oi3p5ORujwbIKXfWa+0Zxs510Qrmrce5/Jowq3cHSZSJqBjypxmHarc+vEWg=="
      "integrity": "sha512-jbD/FT0+9MBU2XAZluI7w2OBs1RBi6p9M83nkoZayQXXU9e8Robt69FcZc7wU4eJD/YFTjn1JdCk3rbMJajz8Q=="
      "devOptional": true,
      "devOptional": true,
      "devOptional": true,
      "devOptional": true,
      "devOptional": true,
      "devOptional": true,
      "devOptional": true
      "devOptional": true
      "devOptional": true,
      "devOptional": true,
      "devOptional": true,
      "devOptional": true,
      "devOptional": true
      "devOptional": true,
      "devOptional": true
      "devOptional": true,
      "devOptional": true
      "devOptional": true,
      "devOptional": true
      "devOptional": true,
      "devOptional": true,
      "devOptional": true
      "devOptional": true
      "devOptional": true,
      "devOptional": true,
      "devOptional": true,
      "devOptional": true,
      "devOptional": true,
      "devOptional": true,
      "devOptional": true,
      "devOptional": true,
      "devOptional": true
      "integrity": "sha512-3wdGidZyq5PB084XLES5TpOSRA3wjXAlIWMhum2kRcv/41Sn2emQ0dycQW4uZXLejwKvg6EsvbdlVL+FYEct7A=="
      "integrity": "sha512-N+8UisAXDGk8PFXP4HAzVR9nbfmVJ3zYLAWiTIoqC5v5isinhr+r5uaO8+7r3BMfuNIufIsA7RdpVgacC2cSpw=="
      "devOptional": true
      "devOptional": true,
      "devOptional": true,
      "devOptional": true,
      "devOptional": true,
      "devOptional": true,
      "devOptional": true
      "devOptional": true
      "devOptional": true,
      "devOptional": true,
      "devOptional": true,
      "devOptional": true
      "devOptional": true,
      "devOptional": true
      "devOptional": true,
      "devOptional": true,
      "devOptional": true,
      "devOptional": true
      "devOptional": true,
      "devOptional": true,
      "integrity": "sha512-dOy+3AuW3a2wNbZHIuMZpTcgjGuLU/uBL/ubcZF9OXbDo8ff4O8yVp5Bf0efS8uEoYo5q4Fx7dY9OgQGXgAsQA=="
      "devOptional": true,
      "devOptional": true,
      "devOptional": true,
      "devOptional": true,
      "devOptional": true,
      "devOptional": true
      "devOptional": true,
      "devOptional": true,
      "devOptional": true,
      "peer": true,
          "integrity": "sha512-FxqpkPPwu1HjuN93Omfm4h8uIanXofW0RxVEW3k5RKx+mJJYSthzNhp32Kzxxy3YAEZ/Dc/EWN1vZRY0+kOhbw=="
          "integrity": "sha512-dOy+3AuW3a2wNbZHIuMZpTcgjGuLU/uBL/ubcZF9OXbDo8ff4O8yVp5Bf0efS8uEoYo5q4Fx7dY9OgQGXgAsQA=="
          "integrity": "sha512-EykJT/Q1KjTWctppgIAgfSO0tKVuZUjhgMr17kqTumMl6Afv3EISleU7qZUzoXDFTAHTDC4NOoG/ZxU3EvlMPQ=="
          "integrity": "sha512-nnbWWOkoWyUsTjKrhgD0dcz22mdkSnpYqbEjIm2nhwhuxlSkpywJmBo8h0ZqJdkp73mb90SssHkN4rsRaBAfAA=="
          "integrity": "sha512-t0rzBq87m3fVcduHDUFhKmyyX+9eo6WQjZvf51Ea/M0Q7+T374Jp1aUiyUl0GKxp8M/OETVHSDvmkyPgvX+X2w=="
          "integrity": "sha512-l3BikUxvPOcn5E74dZiq5BGsTb5yEwhaTSzccU6t4sDOH8NWJCstKO5QT2CvtFoK6F0saL7p9xHAqHOlCPJygA=="
      "integrity": "sha512-H71nDOOL8Y7kWRLqf6Sums+01Q5msqBW2KhDUTemh1tvY04eSkSXrK0uj/4mmY0Xr16/3zyZmsrxN7CKuRbNRg=="
      "integrity": "sha512-SOSkfJDddaM7mak6cPEpswyTRnuRltl429hMraQEglW+OkovnCzsiszTmsrlY//qLFjCpQDFRvjdm2wA5pPm9w==",
      "requires": {}
      "devOptional": true,
          "devOptional": true
          "devOptional": true,
          "devOptional": true,
          "devOptional": true,
          "devOptional": true
          "devOptional": true,
          "devOptional": true,
          "devOptional": true
      "devOptional": true,
          "devOptional": true,
      "devOptional": true,
          "devOptional": true,
      "integrity": "sha512-dBVuXR082gk3jsFp7Rd/JI4kytwGHecnCoTtXFb7DB6CNHp4rg5k1bhg0nWdLGLnOV71lmDzGQaLMy8iPLY0pw=="
          "integrity": "sha512-8+9WqebbFzpX9OR+Wa6O29asIogeRMzcGtAINdpMHHyAg10f05aSFVBbcEqGf/PXw1EjAZ+q2/bEBg3DvurK3Q=="
          "integrity": "sha512-xbbCH5dCYU5T8LcEhhuh7HJ88HXuW3qsI3Y0zOZFKfZEHcpWiHU/Jxzk629Brsab/mMiHQti9wMP+845RPe3Vg=="
          "integrity": "sha512-Ne+eE4r0/iWnpAxD852z3A+N0Bt5RN//NjJwRd2VFHEmrywxf5vsZlh4R6lixl6B+wz/8d+maTSAkN1FIkI3LQ=="
      "integrity": "sha512-etIi92fW3CctsmR9e3sYM3Uqnoq861M0Id9mdOPF6PWIg38BXL5k4upCNBggGUpLIS0H1grMOvy/wn1xymwe2g==",
      "requires": {}
      "integrity": "sha512-zExrThRqyqGUbXOFrH/sowuh2rRtfKHp9SBVY2vOqKWdCX1Ztn682n9WLtlUDsiYVIbBcwautYWk2HyCGFv0OA==",
      "requires": {}
      "integrity": "sha512-0dgwfuNP7EN6/OlK2HSNSQiQNGLGaRBH0gvgr1ngtKKJuJFuq0Z48RBMeJX9CGjV4TP9h2KaB+KrUKJ5kh1hMg==",
      "requires": {}
      "integrity": "sha512-RfePJFovmdIXb6rYwtngyxuEcWnOrzdZd9m7xAW0gRxDIjBT20n3BOhjpmgRWXo/DAxRmS7bRjWAyTHY9cqN7Q==",
      "requires": {}
      "integrity": "sha512-QaaBswrU6umJYb/ZYvjR5JDSslCGOH6D9P136PhabFAHLTR4TWjsaACvbBXuvwrfCXu10DtcjMxqfhdNIB1Xfg==",
      "requires": {}
      "integrity": "sha512-6Wv3Lu7s18hsgW7HG4BFwycTquZ3m/C8bjBoOsmPu0TD6M1GKwCzOC7qBdN7L6tRYPh8ipTj5+rPFrmhGfUVKA==",
      "requires": {}
      "integrity": "sha512-ZnQMnLV4e7hDlUvw8H+U8ASL02SS2Gn6+9Ac3wGGLIe7+je2AeAOxPY+izIPJDfFDb7eDjev0Us8MO1iFRN8hA=="
          "integrity": "sha512-n5M855fKb2SsfMIiFFoVrABHJC8QtHwVx+mHWP3QcEqBHYienj5dHSgjbxtC0WEZXYt4wcD6zrQElDPhFuZgfA=="
          "integrity": "sha512-bN798gFfQX+viw3R7yrGWRqnrN2oRkEkUjjl4JNn4E8GxxbjtG3FbrEIIY3l8/hrwUwIeCZvi4QuOTP4MErVug=="
          "integrity": "sha512-L18DaJsXSUk2+42pv8mLs5jJT2hqFkFE4j21wOmgbUqsZ2hL72NsUU785g9RXgo3s0ZNgVl42TiHp3ZtOv/Vyg=="
      "devOptional": true,
          "devOptional": true,
          "devOptional": true,
          "devOptional": true,
          "devOptional": true
          "devOptional": true,
          "devOptional": true
          "devOptional": true
          "devOptional": true,
          "devOptional": true
      "requires": {}
      "devOptional": true,
          "devOptional": true,
          "integrity": "sha512-x9vcZYTrFPC7aSIbj7sRCYo7L/Xb8Iy+pW0ng0wt2vCJv7M9HOMy0UoN3rr+IFC7hb7vXoqS+P9ktyLLLhO+LA==",
          "requires": {}
      "version": "2.31.1",
      "resolved": "https://registry.npmjs.org/@rive-app/canvas-advanced/-/canvas-advanced-2.31.1.tgz",
      "integrity": "sha512-snRD/n3s5N/l3Pboc9+pUMuQulUF3odqeb/CU78Pwjp1OoMLc6ywEHw+VfU9b//UHCuuwGHDqSBf93Nkz8yZXw=="
      "version": "2.31.1",
      "resolved": "https://registry.npmjs.org/@rive-app/webgl-advanced/-/webgl-advanced-2.31.1.tgz",
      "integrity": "sha512-ZFEN9z/LMljSrLv7abC/RcEDndcGDj8B5HeAFXEmfGO3tfpt4aKRiBgKt13sSJKHCesY/Sc2iaYDHhHasti7vA=="
      "devOptional": true,
      "devOptional": true,
      "devOptional": true,
      "devOptional": true,
      "devOptional": true
      "devOptional": true
      "devOptional": true
      "devOptional": true,
      "devOptional": true,
      "devOptional": true
      "devOptional": true
      "devOptional": true
      "devOptional": true
      "devOptional": true
      "requires": {}
      "devOptional": true,
          "devOptional": true,
          "devOptional": true,
          "devOptional": true,
          "devOptional": true
          "devOptional": true
          "devOptional": true,
      "devOptional": true,
          "devOptional": true
      "integrity": "sha512-cmMwop9x+8KFhxvKrKfPYmN6/pKTYYHBqLa0DfvVZcKMJWNyWLnaqND7dx/qn66R7ewM1UX5XMaDVP5wlVTaVA==",
      "requires": {}
      "requires": {}
      "devOptional": true
          "integrity": "sha512-EdDDZu4A2OyIK7Lr/2zG+w5jmbuk1DVBnEwREQvBzspBJkCEbRa8GxU1lghYcaGJCnRWibjDXlq779X1/y5xwg=="
      "devOptional": true
      "devOptional": true
      "devOptional": true
      "devOptional": true
      "devOptional": true,
      "devOptional": true
      "devOptional": true
      "devOptional": true
      "devOptional": true
      "devOptional": true
      "devOptional": true,
      "devOptional": true
      "devOptional": true,
      "devOptional": true
      "devOptional": true
      "devOptional": true,
          "devOptional": true,
          "devOptional": true,
          "devOptional": true,
          "devOptional": true
          "devOptional": true,
          "devOptional": true
          "devOptional": true,
          "devOptional": true,
          "devOptional": true
      "devOptional": true,
      "devOptional": true,
          "devOptional": true,
          "devOptional": true,
          "devOptional": true,
          "devOptional": true
          "devOptional": true
          "devOptional": true,
      "devOptional": true
      "devOptional": true
      "devOptional": true
      "devOptional": true
          "integrity": "sha512-jumlc0BIUrS3qJGgIkWZsyfAM7NCWiBcCDhnd+3NNM5KbBmLTgHVfWBcg6W+rLUsIpzpERPsvwUP7CckAQSOoA=="
          "integrity": "sha512-3FnjYuehv9k6ovOEbyOswadCDPX1piCfhV8ncmYtHOjuPwylVWsghTLo7rabjC3Rx5xD4HDx8Wm1xnMF7S5qFQ=="
      "devOptional": true
      "devOptional": true
      "integrity": "sha512-mT8iDcrh03qDGRRmoA2hmBJnxpllMR+0/0qlzjqZES6NdiWDcZkCNAk4rPFZ9Q85r27unkiNNg8ZOiwZXBHwcA=="
      "devOptional": true
      "integrity": "sha512-bIomtDF5KGpdogkLd9VspvFzk9KfpyyGlS8YFVZl7TGPBHL5snIOnxeshwVgPteQ9b4Eydl+pVbIyE1DcvCWgQ=="
      "devOptional": true
      "integrity": "sha512-4diC9HaTE+KRAMWhDhrGOECgWZxoevMc5TlkObMqNSsVU62PYzXZ/SMTjzyGAFF1YusgxGcSWTEXBhp0CPwQ1A=="
      "devOptional": true,
      "devOptional": true,
          "devOptional": true,
          "devOptional": true,
          "devOptional": true,
      "integrity": "sha512-JQHZ2QMW6l3aH/j6xCqQThY/9OH4D/9ls34cgkUBiEeocRTU04tHfKPBsUK1PqZCUQM7GiA0IIXJSuXHI64Kbg=="
      "devOptional": true
          "dev": true,
          "requires": {}
          "dev": true,
          "requires": {}
      "devOptional": true
      "devOptional": true
      "devOptional": true,
      "devOptional": true,
          "devOptional": true,
          "devOptional": true
      "devOptional": true
          "integrity": "sha512-3dOsAHXXUkQTpOYcoAxLIorMTp4gIQr5IW3iVb7A7lFIp0VHhnynm9izx6TssdrIcVIESAlVjtnO2K8bg+Coew=="
      "devOptional": true,
      "integrity": "sha512-rtdthzxKuyq6IzqX6jEcIzQF/YqccluefyCYheovBOLhFT/drQA9zj/UbRAa9J7C0o6EG6u3E6g+vKkay7/k3g==",
      "requires": {}
      "integrity": "sha512-Z39TLP+1E0KUcd7LGyF4qMfu8ZufI0rDzhdyAMsa/8UyNUU8wpS0fhdBxbQbv32r64ea00h4878gommRVg2BHw==",
      "requires": {}
      "devOptional": true
      "devOptional": true,
          "devOptional": true
      "devOptional": true
      "devOptional": true,
          "devOptional": true
          "devOptional": true,
          "devOptional": true
          "devOptional": true,
          "devOptional": true,
          "devOptional": true
          "devOptional": true,
          "devOptional": true,
          "devOptional": true
          "devOptional": true,
      "devOptional": true,
      "devOptional": true,
      "devOptional": true
      "devOptional": true
      "integrity": "sha512-oIPzksmTg4/MriiaYGO+okXDT7ztn/w3Eptv/+gSIdMdKsJo0u4CfYNFJPy+4SKMuCqGw2wxnA+URMg3t8a/bQ=="
      "devOptional": true
      "devOptional": true
      "devOptional": true,
          "devOptional": true
      "integrity": "sha512-I88TYZWc9XiYHRQ4/3c5rjjfgkjhLyW2luGIheGERbNQ6OY7yTybanSpDXZa8y7VUP9YmDcYa+eyq4ca7iLqWA=="
      "devOptional": true,
      "devOptional": true,
          "devOptional": true,
          "devOptional": true,
          "devOptional": true,
          "devOptional": true
          "devOptional": true
          "devOptional": true,
      "devOptional": true,
      "devOptional": true
      "devOptional": true,
          "devOptional": true
          "devOptional": true,
          "requires": {}
      "devOptional": true,
          "devOptional": true,
          "requires": {}
      "devOptional": true
      "integrity": "sha512-X9UQEMJMZXwlGCfqcBmJ1jEa+KrLfd+gCBypO/TSzo5hZvbVwFqpxj1YCuX54ptTF75wxmrgorR4RL40AKtLVg=="
      "devOptional": true,
          "devOptional": true,
          "devOptional": true,
          "devOptional": true
          "devOptional": true,
          "integrity": "sha512-8+9WqebbFzpX9OR+Wa6O29asIogeRMzcGtAINdpMHHyAg10f05aSFVBbcEqGf/PXw1EjAZ+q2/bEBg3DvurK3Q=="
          "integrity": "sha512-dOy+3AuW3a2wNbZHIuMZpTcgjGuLU/uBL/ubcZF9OXbDo8ff4O8yVp5Bf0efS8uEoYo5q4Fx7dY9OgQGXgAsQA=="
          "integrity": "sha512-TtpcNJ3XAzx3Gq8sWRzJaVajRs0uVxA2YAkdb1jm2YkPz4G6egUFAyA3n5vtEIZefPk5Wa4UXbKuS5fKkJWdgA=="
          "integrity": "sha512-EykJT/Q1KjTWctppgIAgfSO0tKVuZUjhgMr17kqTumMl6Afv3EISleU7qZUzoXDFTAHTDC4NOoG/ZxU3EvlMPQ=="
          "integrity": "sha512-xbbCH5dCYU5T8LcEhhuh7HJ88HXuW3qsI3Y0zOZFKfZEHcpWiHU/Jxzk629Brsab/mMiHQti9wMP+845RPe3Vg=="
          "integrity": "sha512-Ne+eE4r0/iWnpAxD852z3A+N0Bt5RN//NjJwRd2VFHEmrywxf5vsZlh4R6lixl6B+wz/8d+maTSAkN1FIkI3LQ=="
      "dev": true,
      "requires": {}
          "integrity": "sha512-0rSmRBzXgDzIsD6mGdJgevzgezI534Cer5L/vyMX0kHzT/jiB43jRhd9YUlMGYLQy2zprNmoT8qasCGtY+QaKw=="
      "devOptional": true
      "integrity": "sha512-39F7TBIV0G7gTelxwbEqnwhp90eqCPON1k0NwNfwhgKn4Co4ybUbj2pECcXT0B3ztRKZ7Pw1JujUUgmQJHcVAQ=="
      "devOptional": true
      "devOptional": true,
      "devOptional": true,
      "devOptional": true
      "devOptional": true
      "devOptional": true,
          "devOptional": true,
          "devOptional": true,
          "devOptional": true
      "devOptional": true
      "integrity": "sha512-DCXu6Ifhqcks7TZKY3Hxp3y6qphY5SJZmrWMDrKcERSOXWQdMhU9Ig/PYrzyw/ul9jOIyh0N4M0tbC5hodg8dw=="
      "devOptional": true,
      "devOptional": true,
          "devOptional": true,
          "devOptional": true
          "devOptional": true,
          "devOptional": true
      "integrity": "sha512-5nqDSxl8nn5BSNxyR3n4I6eDmbolI6WT+QqR547RwxQapgjQBmtktdP+HTBb/a/zLsbzERTONyUB5pefh5TtjQ=="
          "integrity": "sha512-MY2/qGx4enyjprQnFaZsHib3Yadh3IXyV2C321GY0pjGfVBu4un0uDJkwgdxqO+Rdx8JMT8IfJIRwbYVz3Ob3Q=="
      "devOptional": true
          "integrity": "sha512-5p6WTN0DdTGVQk6VjcEju19IgaHudalcfabD7yhDGeA6bcQnmL+CpveLJq/3hvfwd1aof6L386Ougkx6RfyMIQ==",
          "requires": {}
      "devOptional": true,
      "integrity": "sha512-dsKNQNdj6xA3T+QlADDA7mOSlX0qiMINjn0cgr+eGHGsbSHzTabcIogz2+p/iqP1Xs6EP/sS2SbqH+brGTbq0g=="
      "devOptional": true,
      "devOptional": true,
          "devOptional": true
      "devOptional": true,
          "integrity": "sha512-eL79dXrE1q9dBbDCLg7xfn/vl7MS4F1gvJAgjJrQli/jbQWdUttuVawphqpffoIYfRdq78LHx6GP4bU/EQ2ATA=="
      "devOptional": true,
          "devOptional": true
      "devOptional": true,
      "devOptional": true,
      "integrity": "sha512-7kIufnBqdsBGcSZLPJwqHT3yhk1QTsSlFsVD3kx5ixH/AlgBs9yM1q6DPhXZ8f8gtdqgh7N7/5btRLpQsS2gHw=="
      "devOptional": true,
      "devOptional": true,
      "devOptional": true
      "integrity": "sha512-soFhflCVWLfRNOPU3iv5Z9VUdT44xFRbzjLsEzSr5AQmgqPMTHdU3PMT1Cf1ssx8fLNJDA1juftYl+PUcv3MqA==",
      "requires": {}
      "devOptional": true
      "devOptional": true,
      "devOptional": true
      "devOptional": true,
      "devOptional": true,
      "devOptional": true,
      "devOptional": true,
      "integrity": "sha512-2HvIEKRoqS62guEC+qBjpvRubdX910WCMuJTZ+I9yvqKU2/12eSL549HMwtabb4oupdj2sMP50k+XJfB/8JE6w=="
      "devOptional": true
      "devOptional": true,
      "devOptional": true,
          "devOptional": true
      "devOptional": true
      "devOptional": true
      "devOptional": true
      "integrity": "sha512-knxG2q4UC3u8stRGyAVJCOdxFmv5DZiRcdlIaAQXAbSfJya+OhopNotLQrstBhququ4ZpuKbDc/8S6mgXgPFPw=="
      "devOptional": true
      "devOptional": true,
      "devOptional": true,
          "devOptional": true,
          "devOptional": true
          "devOptional": true
      "devOptional": true,
          "devOptional": true,
          "devOptional": true,
          "devOptional": true,
          "devOptional": true
          "devOptional": true
          "devOptional": true,
      "devOptional": true,
          "devOptional": true,
          "devOptional": true,
          "devOptional": true,
          "devOptional": true,
          "devOptional": true
          "devOptional": true,
          "devOptional": true,
          "devOptional": true
          "devOptional": true
          "devOptional": true,
          "devOptional": true,
          "devOptional": true
          "devOptional": true,
          "devOptional": true
          "devOptional": true
          "devOptional": true,
              "devOptional": true,
          "devOptional": true,
          "devOptional": true,
          "devOptional": true
          "devOptional": true,
          "devOptional": true,
          "devOptional": true,
          "devOptional": true,
          "devOptional": true,
          "devOptional": true
          "devOptional": true,
              "devOptional": true
          "devOptional": true
          "devOptional": true,
          "devOptional": true,
          "devOptional": true,
          "devOptional": true
          "devOptional": true,
          "devOptional": true
          "devOptional": true
          "devOptional": true,
          "devOptional": true,
          "requires": {}
          "devOptional": true
      "integrity": "sha512-+3NpwQEnRoIBtx4fyhblQDPgJI0H1IEIkX7ShLUjPGA7TtUTvI1oiKi3SR4oBR0hQhQR80l4WAe5RrXBwWMA8w==",
      "requires": {}
          "dev": true,
          "requires": {}
      "devOptional": true,
      "integrity": "sha512-oVhqoRDaBXf7sjkll95LHVS6Myyyb1zaunVwk4Z0+WPSW4gjS0pl01zYKHScTuyEhQsFxV5L4DR5r+YqSyqyyg=="
      "devOptional": true
      "devOptional": true,
          "devOptional": true,
          "devOptional": true,
          "devOptional": true
          "devOptional": true
          "devOptional": true,
          "devOptional": true
          "devOptional": true,
      "devOptional": true
      "integrity": "sha512-Bdboy+l7tA3OGW6FjyFHWkP5LuByj1Tk33Ljyq0axyzdk9//JSi2u3fP1QSmd1KNwq6VOKYGlAu87CisVir6Pw=="
      "devOptional": true
      "devOptional": true,
      "devOptional": true
      "devOptional": true
      "devOptional": true
      "devOptional": true,
          "devOptional": true
          "devOptional": true
          "devOptional": true,
          "devOptional": true
      "devOptional": true
      "devOptional": true,
          "devOptional": true
          "devOptional": true,
          "devOptional": true,
          "devOptional": true,
          "devOptional": true,
          "devOptional": true
      "devOptional": true,
          "devOptional": true,
          "devOptional": true,
          "devOptional": true
          "devOptional": true,
          "devOptional": true,
      "integrity": "sha512-ZvFw1KWS3GVyYBYb7qkmRM/WwL2TQQBxgCK62rlvm4WpVQ23Nb4tYjApUlfjrEGvOs7KHEsmyUn75OHZrJMWPw=="
      "devOptional": true,
          "devOptional": true,
          "devOptional": true,
          "devOptional": true
      "devOptional": true
      "integrity": "sha512-0KpjqXRVvrYyCsX1swR/XTK0va6VQkQM6MNo7PqW77ByjAhoARA8EfrP1N4+KlKj8YS0ZUCtRT/YUuhyYDujIQ=="
      "devOptional": true
          "integrity": "sha512-dOy+3AuW3a2wNbZHIuMZpTcgjGuLU/uBL/ubcZF9OXbDo8ff4O8yVp5Bf0efS8uEoYo5q4Fx7dY9OgQGXgAsQA=="
          "integrity": "sha512-EykJT/Q1KjTWctppgIAgfSO0tKVuZUjhgMr17kqTumMl6Afv3EISleU7qZUzoXDFTAHTDC4NOoG/ZxU3EvlMPQ=="
      "devOptional": true,
          "devOptional": true,
          "devOptional": true
          "devOptional": true,
          "devOptional": true,
          "integrity": "sha512-3wdGidZyq5PB084XLES5TpOSRA3wjXAlIWMhum2kRcv/41Sn2emQ0dycQW4uZXLejwKvg6EsvbdlVL+FYEct7A=="
          "integrity": "sha512-3wdGidZyq5PB084XLES5TpOSRA3wjXAlIWMhum2kRcv/41Sn2emQ0dycQW4uZXLejwKvg6EsvbdlVL+FYEct7A=="
      "devOptional": true
      "integrity": "sha512-vVqVZQyf3WLx2Shd0qJ9xuvqgAyKPLAiqITEtqW0oIUjzo3PePDd6fW9iFz30ef7Ysp/oiWqbhszeGWW2T6Gzw=="
      "devOptional": true
      "integrity": "sha512-hzzEagAgDyoU1Q6yg5uI+AorQgdvMCur3FcKf7NhMKWsaYg+RnbTyHRa/9IlLF9rf455MOCtcqqrQQ83pPP7Uw=="
      "devOptional": true,
          "devOptional": true
          "devOptional": true
          "devOptional": true,
      "devOptional": true
      "devOptional": true
      "devOptional": true
      "devOptional": true
      "devOptional": true,
          "devOptional": true
          "integrity": "sha512-dOy+3AuW3a2wNbZHIuMZpTcgjGuLU/uBL/ubcZF9OXbDo8ff4O8yVp5Bf0efS8uEoYo5q4Fx7dY9OgQGXgAsQA=="
          "integrity": "sha512-EykJT/Q1KjTWctppgIAgfSO0tKVuZUjhgMr17kqTumMl6Afv3EISleU7qZUzoXDFTAHTDC4NOoG/ZxU3EvlMPQ=="
      "integrity": "sha512-D2FR03Vir7FIu45XBY20mTb+/ZSWB00sjU9jdQXt83gDrI4Ztz5Fs7/yy74g2N5SVQY4xY1qDr4rNddwYRVX0g=="
      "devOptional": true
      "integrity": "sha512-4hLB8Py4zZce5s4yd9XzopqwVv/yGNhV1Bl8NTmCq1763HeK2+EwVTv+leGeL13Dnh2wfbqowVPXCIO0z4taYw=="
          "integrity": "sha512-svTf/fzsKHffP42sujkO/Rjs37BCIsQVRCeNYIm9WN8rgT7ffoUnRtZCqU+6BqcSBdv8gwJeTz8knJpgACeQMw=="
          "integrity": "sha512-eL79dXrE1q9dBbDCLg7xfn/vl7MS4F1gvJAgjJrQli/jbQWdUttuVawphqpffoIYfRdq78LHx6GP4bU/EQ2ATA=="
      "devOptional": true
      "devOptional": true
      "devOptional": true,
      "integrity": "sha512-p2skSGqzPMZkEQvJsgnkBhCn8gI7NzRH2683EEjrIkoMiwRELx68yoUJ3q3DGSGuQ8Ug9Gsn+OuDr46yfO+eFw==",
      "requires": {}
      "integrity": "sha512-bU1SXIizMLtDW4oSsi5C/xHKbhLlhek/0/yCnoMQany9k3nPBq+Ctsv/9oMmyqbR96HYHxZcHyK2HR5P/mqoGA==",
      "requires": {}
      "integrity": "sha512-b+h1S1VT6dNhpcg+LpyiUrdnEZfICF0my7HAKgJixJLW7BnNmpRH34+uw/etf5AhOlIhIAuXApSzzDzMI9K/gQ==",
      "requires": {}
      "integrity": "sha512-4VELwssYXDFigPYAZ8vL4yX4mUepF/oCBeeIT4OXsJPYOtvJumyz9WflmJWTfDwCUcpDR+z0zvCWBXgTx35SVw==",
      "requires": {}
          "integrity": "sha512-8+9WqebbFzpX9OR+Wa6O29asIogeRMzcGtAINdpMHHyAg10f05aSFVBbcEqGf/PXw1EjAZ+q2/bEBg3DvurK3Q=="
          "integrity": "sha512-3wdGidZyq5PB084XLES5TpOSRA3wjXAlIWMhum2kRcv/41Sn2emQ0dycQW4uZXLejwKvg6EsvbdlVL+FYEct7A=="
      "integrity": "sha512-bdHleFnP3kZ4NYDhuGlVK+CMrQ/pqUm8bx/oGL93K6gVwiclvX5x0n76fYMKuIGKzlABOy13zsvqjb0f92TEXw==",
      "requires": {}
      "integrity": "sha512-cqundwChbu8yO/gSWkuFDmKrCZ2vJzDAocheT2JTd0sFNA4HMGoKMfbk2B+J0OmO0t5GUkiAkSM5yF2rSLUjgQ==",
      "requires": {}
      "devOptional": true,
          "devOptional": true,
          "devOptional": true
          "devOptional": true,
      "integrity": "sha512-vkcDPrRZo1QZLbn5RLGPpg/WmIQ65qoWWhcGKf/b5eplkkarX0m9z8ppCat4mlOqUsWpyNuYgO3VRyrYHSzX5g=="
      "devOptional": true,
      "devOptional": true,
      "devOptional": true
      "devOptional": true
      "devOptional": true,
      "integrity": "sha512-Ts1Y/anZELhSsjMcU605fU9RE4Oi3p5ORujwbIKXfWa+0Zxs510Qrmrce5/Jowq3cHSZSJqBjypxmHarc+vEWg=="
      "integrity": "sha512-jbD/FT0+9MBU2XAZluI7w2OBs1RBi6p9M83nkoZayQXXU9e8Robt69FcZc7wU4eJD/YFTjn1JdCk3rbMJajz8Q=="
      "integrity": "sha512-pq2bWo9mVD43nbts2wGv17XLiNLya+GklZ8kaDLV2Z08gDCsGpnKn9BFMepvWuHCbyVvY7J5o5+BVvoQbmlJLg=="
      "devOptional": true,
      "devOptional": true,
          "integrity": "sha512-UjgapumWlbMhkBgzT7Ykc5YXUT46F0iKu8SGXq0bcwP5dz/h0Plj6enJqjz1Zbq2l5WaqYnrVbwWOWMyF3F47g=="
      "devOptional": true,
          "devOptional": true,
          "devOptional": true,
          "devOptional": true,
          "devOptional": true
      "integrity": "sha512-tvVnVv01b8c1RrA6Ep7JkStj85Guv/YrMcwqYQnwjsAS2cTmmPGBBjAjpCW7RrSodNSoE2/qg9O4bceNvUuDgQ=="
      "devOptional": true
      "devOptional": true,
      "devOptional": true,
          "devOptional": true,
          "devOptional": true
          "devOptional": true
          "devOptional": true,
          "devOptional": true
          "devOptional": true
          "devOptional": true
          "devOptional": true,
          "devOptional": true
          "devOptional": true
      "devOptional": true,
      "devOptional": true
      "devOptional": true
      "devOptional": true
      "devOptional": true,
      "devOptional": true,
          "devOptional": true,
          "requires": {}
      "devOptional": true,
      "devOptional": true,
      "devOptional": true,
          "integrity": "sha512-3FnjYuehv9k6ovOEbyOswadCDPX1piCfhV8ncmYtHOjuPwylVWsghTLo7rabjC3Rx5xD4HDx8Wm1xnMF7S5qFQ=="
      "devOptional": true,
          "devOptional": true
          "integrity": "sha512-quJQXlTSUGL2LH9SUXo8VwsY4soanhgo6LNSm84E1LBcE8s3O0wpdiRzyR9z/ZZJMlMWv37qOOb9pdJlMUEKFQ=="
      "integrity": "sha512-53BiGLXAcll9maCYtZi2RCQZKa8NQQai5C4horqKyRmHj9H7QmcUyucrH+4KW/gBQbXM2AsB0axoEcFZPlfPcw==",
      "requires": {}
          "integrity": "sha512-fNzuVyifolSLFL4NzpF+wEF4qrgqaaKX0haXPQEdQ7NKAN+WecoKMHV09YcuL/DHxrUsYQOK3MiuDf7Ip2OXfQ=="
          "integrity": "sha512-3wdGidZyq5PB084XLES5TpOSRA3wjXAlIWMhum2kRcv/41Sn2emQ0dycQW4uZXLejwKvg6EsvbdlVL+FYEct7A=="
          "integrity": "sha512-5p6WTN0DdTGVQk6VjcEju19IgaHudalcfabD7yhDGeA6bcQnmL+CpveLJq/3hvfwd1aof6L386Ougkx6RfyMIQ==",
          "requires": {}
      "integrity": "sha512-N+8UisAXDGk8PFXP4HAzVR9nbfmVJ3zYLAWiTIoqC5v5isinhr+r5uaO8+7r3BMfuNIufIsA7RdpVgacC2cSpw=="
      "devOptional": true
      "devOptional": true,
          "devOptional": true
      "devOptional": true,
          "devOptional": true
      "integrity": "sha512-L0Orpi8qGpRG//Nd+H90vFB+3iHnue1zSSGmNOOCh1GLJ7rUKVwV2HvijphGQS2UmhUZewS9VgvxYIdgr+fG1A=="
      "devOptional": true,
      "devOptional": true
      "devOptional": true
      "integrity": "sha512-zaWCozRZ6DLEWAWFrVDz1H6FVXzUSfTy5FUMWsQlU8Ym5JP9eO4xkTIROFCQvhQf61z6O/G6ugw3SgAnvvm+HA=="
      "devOptional": true
      "devOptional": true
      "devOptional": true,
          "devOptional": true
      "devOptional": true,
          "devOptional": true
      "devOptional": true,
      "devOptional": true,
      "devOptional": true
          "integrity": "sha512-5p6WTN0DdTGVQk6VjcEju19IgaHudalcfabD7yhDGeA6bcQnmL+CpveLJq/3hvfwd1aof6L386Ougkx6RfyMIQ==",
          "requires": {}
          "integrity": "sha512-x9vcZYTrFPC7aSIbj7sRCYo7L/Xb8Iy+pW0ng0wt2vCJv7M9HOMy0UoN3rr+IFC7hb7vXoqS+P9ktyLLLhO+LA==",
          "requires": {}
      "devOptional": true
      "devOptional": true,
      "integrity": "sha512-Hz/mrNwitNRh/HUAtM/VT/5VH+ygD6DV7mYKZAtHOrbs8U7lvPS6xf7EJKMF0uW1KJCl0H701g3ZGus+muE5vQ=="
      "devOptional": true,
          "devOptional": true
          "devOptional": true
          "devOptional": true,
          "devOptional": true,
          "integrity": "sha512-dOy+3AuW3a2wNbZHIuMZpTcgjGuLU/uBL/ubcZF9OXbDo8ff4O8yVp5Bf0efS8uEoYo5q4Fx7dY9OgQGXgAsQA=="
      "devOptional": true,
      "requires": {}
      "devOptional": true
      "devOptional": true
      "devOptional": true,
      "devOptional": true,
      "peer": true,
